// !$*UTF8*$!
{
	archiveVersion = 1;
	classes = {
	};
	objectVersion = 46;
	objects = {

/* Begin PBXBuildFile section */
		987CD68A1D147E0A000F37B2 /* main.cpp in Sources */ = {isa = PBXBuildFile; fileRef = 987CD6891D147E0A000F37B2 /* main.cpp */; };
/* End PBXBuildFile section */

/* Begin PBXCopyFilesBuildPhase section */
		987CD6841D147E0A000F37B2 /* CopyFiles */ = {
			isa = PBXCopyFilesBuildPhase;
			buildActionMask = 2147483647;
			dstPath = /usr/share/man/man1/;
			dstSubfolderSpec = 0;
			files = (
			);
			runOnlyForDeploymentPostprocessing = 1;
		};
/* End PBXCopyFilesBuildPhase section */

/* Begin PBXFileReference section */
		987CD6861D147E0A000F37B2 /* 10611 - The Playboy Chimp */ = {isa = PBXFileReference; explicitFileType = "compiled.mach-o.executable"; includeInIndex = 0; path = "10611 - The Playboy Chimp"; sourceTree = BUILT_PRODUCTS_DIR; };
		987CD6891D147E0A000F37B2 /* main.cpp */ = {isa = PBXFileReference; lastKnownFileType = sourcecode.cpp.cpp; path = main.cpp; sourceTree = "<group>"; };
/* End PBXFileReference section */

/* Begin PBXFrameworksBuildPhase section */
		987CD6831D147E0A000F37B2 /* Frameworks */ = {
			isa = PBXFrameworksBuildPhase;
			buildActionMask = 2147483647;
			files = (
			);
			runOnlyForDeploymentPostprocessing = 0;
		};
/* End PBXFrameworksBuildPhase section */

/* Begin PBXGroup section */
		987CD67D1D147E0A000F37B2 = {
			isa = PBXGroup;
			children = (
				987CD6881D147E0A000F37B2 /* 10611 - The Playboy Chimp */,
				987CD6871D147E0A000F37B2 /* Products */,
			);
			sourceTree = "<group>";
		};
		987CD6871D147E0A000F37B2 /* Products */ = {
			isa = PBXGroup;
			children = (
				987CD6861D147E0A000F37B2 /* 10611 - The Playboy Chimp */,
			);
			name = Products;
			sourceTree = "<group>";
		};
		987CD6881D147E0A000F37B2 /* 10611 - The Playboy Chimp */ = {
			isa = PBXGroup;
			children = (
				987CD6891D147E0A000F37B2 /* main.cpp */,
			);
			path = "10611 - The Playboy Chimp";
			sourceTree = "<group>";
		};
/* End PBXGroup section */

/* Begin PBXNativeTarget section */
		987CD6851D147E0A000F37B2 /* 10611 - The Playboy Chimp */ = {
			isa = PBXNativeTarget;
			buildConfigurationList = 987CD68D1D147E0A000F37B2 /* Build configuration list for PBXNativeTarget "10611 - The Playboy Chimp" */;
			buildPhases = (
				987CD6821D147E0A000F37B2 /* Sources */,
				987CD6831D147E0A000F37B2 /* Frameworks */,
				987CD6841D147E0A000F37B2 /* CopyFiles */,
			);
			buildRules = (
			);
			dependencies = (
			);
			name = "10611 - The Playboy Chimp";
			productName = "10611 - The Playboy Chimp";
			productReference = 987CD6861D147E0A000F37B2 /* 10611 - The Playboy Chimp */;
			productType = "com.apple.product-type.tool";
		};
/* End PBXNativeTarget section */

/* Begin PBXProject section */
		987CD67E1D147E0A000F37B2 /* Project object */ = {
			isa = PBXProject;
			attributes = {
				LastUpgradeCheck = 0730;
				ORGANIZATIONNAME = "Nur Islam";
				TargetAttributes = {
					987CD6851D147E0A000F37B2 = {
						CreatedOnToolsVersion = 7.3;
					};
				};
			};
			buildConfigurationList = 987CD6811D147E0A000F37B2 /* Build configuration list for PBXProject "10611 - The Playboy Chimp" */;
			compatibilityVersion = "Xcode 3.2";
			developmentRegion = English;
			hasScannedForEncodings = 0;
			knownRegions = (
				en,
			);
			mainGroup = 987CD67D1D147E0A000F37B2;
			productRefGroup = 987CD6871D147E0A000F37B2 /* Products */;
			projectDirPath = "";
			projectRoot = "";
			targets = (
				987CD6851D147E0A000F37B2 /* 10611 - The Playboy Chimp */,
			);
		};
/* End PBXProject section */

/* Begin PBXSourcesBuildPhase section */
		987CD6821D147E0A000F37B2 /* Sources */ = {
			isa = PBXSourcesBuildPhase;
			buildActionMask = 2147483647;
			files = (
				987CD68A1D147E0A000F37B2 /* main.cpp in Sources */,
			);
			runOnlyForDeploymentPostprocessing = 0;
		};
/* End PBXSourcesBuildPhase section */

/* Begin XCBuildConfiguration section */
		987CD68B1D147E0A000F37B2 /* Debug */ = {
			isa = XCBuildConfiguration;
			buildSettings = {
				ALWAYS_SEARCH_USER_PATHS = NO;
				CLANG_ANALYZER_NONNULL = YES;
				CLANG_CXX_LANGUAGE_STANDARD = "gnu++0x";
				CLANG_CXX_LIBRARY = "libc++";
				CLANG_ENABLE_MODULES = YES;
				CLANG_ENABLE_OBJC_ARC = YES;
				CLANG_WARN_BOOL_CONVERSION = YES;
				CLANG_WARN_CONSTANT_CONVERSION = YES;
				CLANG_WARN_DIRECT_OBJC_ISA_USAGE = YES_ERROR;
				CLANG_WARN_EMPTY_BODY = YES;
				CLANG_WARN_ENUM_CONVERSION = YES;
				CLANG_WARN_INT_CONVERSION = YES;
				CLANG_WARN_OBJC_ROOT_CLASS = YES_ERROR;
				CLANG_WARN_UNREACHABLE_CODE = YES;
				CLANG_WARN__DUPLICATE_METHOD_MATCH = YES;
				CODE_SIGN_IDENTITY = "-";
				COPY_PHASE_STRIP = NO;
				DEBUG_INFORMATION_FORMAT = dwarf;
				ENABLE_STRICT_OBJC_MSGSEND = YES;
				ENABLE_TESTABILITY = YES;
				GCC_C_LANGUAGE_STANDARD = gnu99;
				GCC_DYNAMIC_NO_PIC = NO;
				GCC_NO_COMMON_BLOCKS = YES;
				GCC_OPTIMIZATION_LEVEL = 0;
				GCC_PREPROCESSOR_DEFINITIONS = (
					"DEBUG=1",
					"$(inherited)",
				);
				GCC_WARN_64_TO_32_BIT_CONVERSION = YES;
				GCC_WARN_ABOUT_RETURN_TYPE = YES_ERROR;
				GCC_WARN_UNDECLARED_SELECTOR = YES;
				GCC_WARN_UNINITIALIZED_AUTOS = YES_AGGRESSIVE;
				GCC_WARN_UNUSED_FUNCTION = YES;
				GCC_WARN_UNUSED_VARIABLE = YES;
				MACOSX_DEPLOYMENT_TARGET = 10.11;
				MTL_ENABLE_DEBUG_INFO = YES;
				ONLY_ACTIVE_ARCH = YES;
				SDKROOT = macosx;
			};
			name = Debug;
		};
		987CD68C1D147E0A000F37B2 /* Release */ = {
			isa = XCBuildConfiguration;
			buildSettings = {
				ALWAYS_SEARCH_USER_PATHS = NO;
				CLANG_ANALYZER_NONNULL = YES;
				CLANG_CXX_LANGUAGE_STANDARD = "gnu++0x";
				CLANG_CXX_LIBRARY = "libc++";
				CLANG_ENABLE_MODULES = YES;
				CLANG_ENABLE_OBJC_ARC = YES;
				CLANG_WARN_BOOL_CONVERSION = YES;
				CLANG_WARN_CONSTANT_CONVERSION = YES;
				CLANG_WARN_DIRECT_OBJC_ISA_USAGE = YES_ERROR;
				CLANG_WARN_EMPTY_BODY = YES;
				CLANG_WARN_ENUM_CONVERSION = YES;
				CLANG_WARN_INT_CONVERSION = YES;
				CLANG_WARN_OBJC_ROOT_CLASS = YES_ERROR;
				CLANG_WARN_UNREACHABLE_CODE = YES;
				CLANG_WARN__DUPLICATE_METHOD_MATCH = YES;
				CODE_SIGN_IDENTITY = "-";
				COPY_PHASE_STRIP = NO;
				DEBUG_INFORMATION_FORMAT = "dwarf-with-dsym";
				ENABLE_NS_ASSERTIONS = NO;
				ENABLE_STRICT_OBJC_MSGSEND = YES;
				GCC_C_LANGUAGE_STANDARD = gnu99;
				GCC_NO_COMMON_BLOCKS = YES;
				GCC_WARN_64_TO_32_BIT_CONVERSION = YES;
				GCC_WARN_ABOUT_RETURN_TYPE = YES_ERROR;
				GCC_WARN_UNDECLARED_SELECTOR = YES;
				GCC_WARN_UNINITIALIZED_AUTOS = YES_AGGRESSIVE;
				GCC_WARN_UNUSED_FUNCTION = YES;
				GCC_WARN_UNUSED_VARIABLE = YES;
				MACOSX_DEPLOYMENT_TARGET = 10.11;
				MTL_ENABLE_DEBUG_INFO = NO;
				SDKROOT = macosx;
			};
			name = Release;
		};
		987CD68E1D147E0A000F37B2 /* Debug */ = {
			isa = XCBuildConfiguration;
			buildSettings = {
				PRODUCT_NAME = "$(TARGET_NAME)";
			};
			name = Debug;
		};
		987CD68F1D147E0A000F37B2 /* Release */ = {
			isa = XCBuildConfiguration;
			buildSettings = {
				PRODUCT_NAME = "$(TARGET_NAME)";
			};
			name = Release;
		};
/* End XCBuildConfiguration section */

/* Begin XCConfigurationList section */
		987CD6811D147E0A000F37B2 /* Build configuration list for PBXProject "10611 - The Playboy Chimp" */ = {
			isa = XCConfigurationList;
			buildConfigurations = (
				987CD68B1D147E0A000F37B2 /* Debug */,
				987CD68C1D147E0A000F37B2 /* Release */,
			);
			defaultConfigurationIsVisible = 0;
			defaultConfigurationName = Release;
		};
		987CD68D1D147E0A000F37B2 /* Build configuration list for PBXNativeTarget "10611 - The Playboy Chimp" */ = {
			isa = XCConfigurationList;
			buildConfigurations = (
				987CD68E1D147E0A000F37B2 /* Debug */,
				987CD68F1D147E0A000F37B2 /* Release */,
			);
			defaultConfigurationIsVisible = 0;
		};
/* End XCConfigurationList section */
	};
	rootObject = 987CD67E1D147E0A000F37B2 /* Project object */;
}
