// !$*UTF8*$!
{
	archiveVersion = 1;
	classes = {
	};
	objectVersion = 46;
	objects = {

/* Begin PBXBuildFile section */
		98E03BAF1CD6B5820053FFDD /* main.cpp in Sources */ = {isa = PBXBuildFile; fileRef = 98E03BAE1CD6B5820053FFDD /* main.cpp */; };
/* End PBXBuildFile section */

/* Begin PBXCopyFilesBuildPhase section */
		98E03BA91CD6B5820053FFDD /* CopyFiles */ = {
			isa = PBXCopyFilesBuildPhase;
			buildActionMask = 2147483647;
			dstPath = /usr/share/man/man1/;
			dstSubfolderSpec = 0;
			files = (
			);
			runOnlyForDeploymentPostprocessing = 1;
		};
/* End PBXCopyFilesBuildPhase section */

/* Begin PBXFileReference section */
		98E03BAB1CD6B5820053FFDD /* 1433 - Minimum Arc Distance */ = {isa = PBXFileReference; explicitFileType = "compiled.mach-o.executable"; includeInIndex = 0; path = "1433 - Minimum Arc Distance"; sourceTree = BUILT_PRODUCTS_DIR; };
		98E03BAE1CD6B5820053FFDD /* main.cpp */ = {isa = PBXFileReference; lastKnownFileType = sourcecode.cpp.cpp; path = main.cpp; sourceTree = "<group>"; };
/* End PBXFileReference section */

/* Begin PBXFrameworksBuildPhase section */
		98E03BA81CD6B5820053FFDD /* Frameworks */ = {
			isa = PBXFrameworksBuildPhase;
			buildActionMask = 2147483647;
			files = (
			);
			runOnlyForDeploymentPostprocessing = 0;
		};
/* End PBXFrameworksBuildPhase section */

/* Begin PBXGroup section */
		98E03BA21CD6B5820053FFDD = {
			isa = PBXGroup;
			children = (
				98E03BAD1CD6B5820053FFDD /* 1433 - Minimum Arc Distance */,
				98E03BAC1CD6B5820053FFDD /* Products */,
			);
			sourceTree = "<group>";
		};
		98E03BAC1CD6B5820053FFDD /* Products */ = {
			isa = PBXGroup;
			children = (
				98E03BAB1CD6B5820053FFDD /* 1433 - Minimum Arc Distance */,
			);
			name = Products;
			sourceTree = "<group>";
		};
		98E03BAD1CD6B5820053FFDD /* 1433 - Minimum Arc Distance */ = {
			isa = PBXGroup;
			children = (
				98E03BAE1CD6B5820053FFDD /* main.cpp */,
			);
			path = "1433 - Minimum Arc Distance";
			sourceTree = "<group>";
		};
/* End PBXGroup section */

/* Begin PBXNativeTarget section */
		98E03BAA1CD6B5820053FFDD /* 1433 - Minimum Arc Distance */ = {
			isa = PBXNativeTarget;
			buildConfigurationList = 98E03BB21CD6B5820053FFDD /* Build configuration list for PBXNativeTarget "1433 - Minimum Arc Distance" */;
			buildPhases = (
				98E03BA71CD6B5820053FFDD /* Sources */,
				98E03BA81CD6B5820053FFDD /* Frameworks */,
				98E03BA91CD6B5820053FFDD /* CopyFiles */,
			);
			buildRules = (
			);
			dependencies = (
			);
			name = "1433 - Minimum Arc Distance";
			productName = "1433 - Minimum Arc Distance";
			productReference = 98E03BAB1CD6B5820053FFDD /* 1433 - Minimum Arc Distance */;
			productType = "com.apple.product-type.tool";
		};
/* End PBXNativeTarget section */

/* Begin PBXProject section */
		98E03BA31CD6B5820053FFDD /* Project object */ = {
			isa = PBXProject;
			attributes = {
				KnownAssetTags = (
					New,
				);
				LastUpgradeCheck = 0730;
				ORGANIZATIONNAME = "Nur Islam";
				TargetAttributes = {
					98E03BAA1CD6B5820053FFDD = {
						CreatedOnToolsVersion = 7.3;
					};
				};
			};
			buildConfigurationList = 98E03BA61CD6B5820053FFDD /* Build configuration list for PBXProject "1433 - Minimum Arc Distance" */;
			compatibilityVersion = "Xcode 3.2";
			developmentRegion = English;
			hasScannedForEncodings = 0;
			knownRegions = (
				en,
			);
			mainGroup = 98E03BA21CD6B5820053FFDD;
			productRefGroup = 98E03BAC1CD6B5820053FFDD /* Products */;
			projectDirPath = "";
			projectRoot = "";
			targets = (
				98E03BAA1CD6B5820053FFDD /* 1433 - Minimum Arc Distance */,
			);
		};
/* End PBXProject section */

/* Begin PBXSourcesBuildPhase section */
		98E03BA71CD6B5820053FFDD /* Sources */ = {
			isa = PBXSourcesBuildPhase;
			buildActionMask = 2147483647;
			files = (
				98E03BAF1CD6B5820053FFDD /* main.cpp in Sources */,
			);
			runOnlyForDeploymentPostprocessing = 0;
		};
/* End PBXSourcesBuildPhase section */

/* Begin XCBuildConfiguration section */
		98E03BB01CD6B5820053FFDD /* Debug */ = {
			isa = XCBuildConfiguration;
			buildSettings = {
				ALWAYS_SEARCH_USER_PATHS = NO;
				CLANG_ANALYZER_NONNULL = YES;
				CLANG_CXX_LANGUAGE_STANDARD = "gnu++0x";
				CLANG_CXX_LIBRARY = "libc++";
				CLANG_ENABLE_MODULES = YES;
				CLANG_ENABLE_OBJC_ARC = YES;
				CLANG_WARN_BOOL_CONVERSION = YES;
				CLANG_WARN_CONSTANT_CONVERSION = YES;
				CLANG_WARN_DIRECT_OBJC_ISA_USAGE = YES_ERROR;
				CLANG_WARN_EMPTY_BODY = YES;
				CLANG_WARN_ENUM_CONVERSION = YES;
				CLANG_WARN_INT_CONVERSION = YES;
				CLANG_WARN_OBJC_ROOT_CLASS = YES_ERROR;
				CLANG_WARN_UNREACHABLE_CODE = YES;
				CLANG_WARN__DUPLICATE_METHOD_MATCH = YES;
				CODE_SIGN_IDENTITY = "-";
				COPY_PHASE_STRIP = NO;
				DEBUG_INFORMATION_FORMAT = dwarf;
				ENABLE_STRICT_OBJC_MSGSEND = YES;
				ENABLE_TESTABILITY = YES;
				GCC_C_LANGUAGE_STANDARD = gnu99;
				GCC_DYNAMIC_NO_PIC = NO;
				GCC_NO_COMMON_BLOCKS = YES;
				GCC_OPTIMIZATION_LEVEL = 0;
				GCC_PREPROCESSOR_DEFINITIONS = (
					"DEBUG=1",
					"$(inherited)",
				);
				GCC_WARN_64_TO_32_BIT_CONVERSION = YES;
				GCC_WARN_ABOUT_RETURN_TYPE = YES_ERROR;
				GCC_WARN_UNDECLARED_SELECTOR = YES;
				GCC_WARN_UNINITIALIZED_AUTOS = YES_AGGRESSIVE;
				GCC_WARN_UNUSED_FUNCTION = YES;
				GCC_WARN_UNUSED_VARIABLE = YES;
				MACOSX_DEPLOYMENT_TARGET = 10.11;
				MTL_ENABLE_DEBUG_INFO = YES;
				ONLY_ACTIVE_ARCH = YES;
				SDKROOT = macosx;
			};
			name = Debug;
		};
		98E03BB11CD6B5820053FFDD /* Release */ = {
			isa = XCBuildConfiguration;
			buildSettings = {
				ALWAYS_SEARCH_USER_PATHS = NO;
				CLANG_ANALYZER_NONNULL = YES;
				CLANG_CXX_LANGUAGE_STANDARD = "gnu++0x";
				CLANG_CXX_LIBRARY = "libc++";
				CLANG_ENABLE_MODULES = YES;
				CLANG_ENABLE_OBJC_ARC = YES;
				CLANG_WARN_BOOL_CONVERSION = YES;
				CLANG_WARN_CONSTANT_CONVERSION = YES;
				CLANG_WARN_DIRECT_OBJC_ISA_USAGE = YES_ERROR;
				CLANG_WARN_EMPTY_BODY = YES;
				CLANG_WARN_ENUM_CONVERSION = YES;
				CLANG_WARN_INT_CONVERSION = YES;
				CLANG_WARN_OBJC_ROOT_CLASS = YES_ERROR;
				CLANG_WARN_UNREACHABLE_CODE = YES;
				CLANG_WARN__DUPLICATE_METHOD_MATCH = YES;
				CODE_SIGN_IDENTITY = "-";
				COPY_PHASE_STRIP = NO;
				DEBUG_INFORMATION_FORMAT = "dwarf-with-dsym";
				ENABLE_NS_ASSERTIONS = NO;
				ENABLE_STRICT_OBJC_MSGSEND = YES;
				GCC_C_LANGUAGE_STANDARD = gnu99;
				GCC_NO_COMMON_BLOCKS = YES;
				GCC_WARN_64_TO_32_BIT_CONVERSION = YES;
				GCC_WARN_ABOUT_RETURN_TYPE = YES_ERROR;
				GCC_WARN_UNDECLARED_SELECTOR = YES;
				GCC_WARN_UNINITIALIZED_AUTOS = YES_AGGRESSIVE;
				GCC_WARN_UNUSED_FUNCTION = YES;
				GCC_WARN_UNUSED_VARIABLE = YES;
				MACOSX_DEPLOYMENT_TARGET = 10.11;
				MTL_ENABLE_DEBUG_INFO = NO;
				SDKROOT = macosx;
			};
			name = Release;
		};
		98E03BB31CD6B5820053FFDD /* Debug */ = {
			isa = XCBuildConfiguration;
			buildSettings = {
				PRODUCT_NAME = "$(TARGET_NAME)";
			};
			name = Debug;
		};
		98E03BB41CD6B5820053FFDD /* Release */ = {
			isa = XCBuildConfiguration;
			buildSettings = {
				PRODUCT_NAME = "$(TARGET_NAME)";
			};
			name = Release;
		};
/* End XCBuildConfiguration section */

/* Begin XCConfigurationList section */
		98E03BA61CD6B5820053FFDD /* Build configuration list for PBXProject "1433 - Minimum Arc Distance" */ = {
			isa = XCConfigurationList;
			buildConfigurations = (
				98E03BB01CD6B5820053FFDD /* Debug */,
				98E03BB11CD6B5820053FFDD /* Release */,
			);
			defaultConfigurationIsVisible = 0;
			defaultConfigurationName = Release;
		};
		98E03BB21CD6B5820053FFDD /* Build configuration list for PBXNativeTarget "1433 - Minimum Arc Distance" */ = {
			isa = XCConfigurationList;
			buildConfigurations = (
				98E03BB31CD6B5820053FFDD /* Debug */,
				98E03BB41CD6B5820053FFDD /* Release */,
			);
			defaultConfigurationIsVisible = 0;
		};
/* End XCConfigurationList section */
	};
	rootObject = 98E03BA31CD6B5820053FFDD /* Project object */;
}
