// !$*UTF8*$!
{
	archiveVersion = 1;
	classes = {
	};
	objectVersion = 46;
	objects = {

/* Begin PBXBuildFile section */
		98FCE03F1D1311F80073176F /* main.cpp in Sources */ = {isa = PBXBuildFile; fileRef = 98FCE03E1D1311F80073176F /* main.cpp */; };
/* End PBXBuildFile section */

/* Begin PBXCopyFilesBuildPhase section */
		98FCE0391D1311F80073176F /* CopyFiles */ = {
			isa = PBXCopyFilesBuildPhase;
			buildActionMask = 2147483647;
			dstPath = /usr/share/man/man1/;
			dstSubfolderSpec = 0;
			files = (
			);
			runOnlyForDeploymentPostprocessing = 1;
		};
/* End PBXCopyFilesBuildPhase section */

/* Begin PBXFileReference section */
		98FCE03B1D1311F80073176F /* 381.A. Sereja and Dima */ = {isa = PBXFileReference; explicitFileType = "compiled.mach-o.executable"; includeInIndex = 0; path = "381.A. Sereja and Dima"; sourceTree = BUILT_PRODUCTS_DIR; };
		98FCE03E1D1311F80073176F /* main.cpp */ = {isa = PBXFileReference; lastKnownFileType = sourcecode.cpp.cpp; path = main.cpp; sourceTree = "<group>"; };
/* End PBXFileReference section */

/* Begin PBXFrameworksBuildPhase section */
		98FCE0381D1311F80073176F /* Frameworks */ = {
			isa = PBXFrameworksBuildPhase;
			buildActionMask = 2147483647;
			files = (
			);
			runOnlyForDeploymentPostprocessing = 0;
		};
/* End PBXFrameworksBuildPhase section */

/* Begin PBXGroup section */
		98FCE0321D1311F80073176F = {
			isa = PBXGroup;
			children = (
				98FCE03D1D1311F80073176F /* 381.A. Sereja and Dima */,
				98FCE03C1D1311F80073176F /* Products */,
			);
			sourceTree = "<group>";
		};
		98FCE03C1D1311F80073176F /* Products */ = {
			isa = PBXGroup;
			children = (
				98FCE03B1D1311F80073176F /* 381.A. Sereja and Dima */,
			);
			name = Products;
			sourceTree = "<group>";
		};
		98FCE03D1D1311F80073176F /* 381.A. Sereja and Dima */ = {
			isa = PBXGroup;
			children = (
				98FCE03E1D1311F80073176F /* main.cpp */,
			);
			path = "381.A. Sereja and Dima";
			sourceTree = "<group>";
		};
/* End PBXGroup section */

/* Begin PBXNativeTarget section */
		98FCE03A1D1311F80073176F /* 381.A. Sereja and Dima */ = {
			isa = PBXNativeTarget;
			buildConfigurationList = 98FCE0421D1311F80073176F /* Build configuration list for PBXNativeTarget "381.A. Sereja and Dima" */;
			buildPhases = (
				98FCE0371D1311F80073176F /* Sources */,
				98FCE0381D1311F80073176F /* Frameworks */,
				98FCE0391D1311F80073176F /* CopyFiles */,
			);
			buildRules = (
			);
			dependencies = (
			);
			name = "381.A. Sereja and Dima";
			productName = "381.A. Sereja and Dima";
			productReference = 98FCE03B1D1311F80073176F /* 381.A. Sereja and Dima */;
			productType = "com.apple.product-type.tool";
		};
/* End PBXNativeTarget section */

/* Begin PBXProject section */
		98FCE0331D1311F80073176F /* Project object */ = {
			isa = PBXProject;
			attributes = {
				LastUpgradeCheck = 0730;
				ORGANIZATIONNAME = "Nur Islam";
				TargetAttributes = {
					98FCE03A1D1311F80073176F = {
						CreatedOnToolsVersion = 7.3;
					};
				};
			};
			buildConfigurationList = 98FCE0361D1311F80073176F /* Build configuration list for PBXProject "381.A. Sereja and Dima" */;
			compatibilityVersion = "Xcode 3.2";
			developmentRegion = English;
			hasScannedForEncodings = 0;
			knownRegions = (
				en,
			);
			mainGroup = 98FCE0321D1311F80073176F;
			productRefGroup = 98FCE03C1D1311F80073176F /* Products */;
			projectDirPath = "";
			projectRoot = "";
			targets = (
				98FCE03A1D1311F80073176F /* 381.A. Sereja and Dima */,
			);
		};
/* End PBXProject section */

/* Begin PBXSourcesBuildPhase section */
		98FCE0371D1311F80073176F /* Sources */ = {
			isa = PBXSourcesBuildPhase;
			buildActionMask = 2147483647;
			files = (
				98FCE03F1D1311F80073176F /* main.cpp in Sources */,
			);
			runOnlyForDeploymentPostprocessing = 0;
		};
/* End PBXSourcesBuildPhase section */

/* Begin XCBuildConfiguration section */
		98FCE0401D1311F80073176F /* Debug */ = {
			isa = XCBuildConfiguration;
			buildSettings = {
				ALWAYS_SEARCH_USER_PATHS = NO;
				CLANG_ANALYZER_NONNULL = YES;
				CLANG_CXX_LANGUAGE_STANDARD = "gnu++0x";
				CLANG_CXX_LIBRARY = "libc++";
				CLANG_ENABLE_MODULES = YES;
				CLANG_ENABLE_OBJC_ARC = YES;
				CLANG_WARN_BOOL_CONVERSION = YES;
				CLANG_WARN_CONSTANT_CONVERSION = YES;
				CLANG_WARN_DIRECT_OBJC_ISA_USAGE = YES_ERROR;
				CLANG_WARN_EMPTY_BODY = YES;
				CLANG_WARN_ENUM_CONVERSION = YES;
				CLANG_WARN_INT_CONVERSION = YES;
				CLANG_WARN_OBJC_ROOT_CLASS = YES_ERROR;
				CLANG_WARN_UNREACHABLE_CODE = YES;
				CLANG_WARN__DUPLICATE_METHOD_MATCH = YES;
				CODE_SIGN_IDENTITY = "-";
				COPY_PHASE_STRIP = NO;
				DEBUG_INFORMATION_FORMAT = dwarf;
				ENABLE_STRICT_OBJC_MSGSEND = YES;
				ENABLE_TESTABILITY = YES;
				GCC_C_LANGUAGE_STANDARD = gnu99;
				GCC_DYNAMIC_NO_PIC = NO;
				GCC_NO_COMMON_BLOCKS = YES;
				GCC_OPTIMIZATION_LEVEL = 0;
				GCC_PREPROCESSOR_DEFINITIONS = (
					"DEBUG=1",
					"$(inherited)",
				);
				GCC_WARN_64_TO_32_BIT_CONVERSION = YES;
				GCC_WARN_ABOUT_RETURN_TYPE = YES_ERROR;
				GCC_WARN_UNDECLARED_SELECTOR = YES;
				GCC_WARN_UNINITIALIZED_AUTOS = YES_AGGRESSIVE;
				GCC_WARN_UNUSED_FUNCTION = YES;
				GCC_WARN_UNUSED_VARIABLE = YES;
				MACOSX_DEPLOYMENT_TARGET = 10.11;
				MTL_ENABLE_DEBUG_INFO = YES;
				ONLY_ACTIVE_ARCH = YES;
				SDKROOT = macosx;
			};
			name = Debug;
		};
		98FCE0411D1311F80073176F /* Release */ = {
			isa = XCBuildConfiguration;
			buildSettings = {
				ALWAYS_SEARCH_USER_PATHS = NO;
				CLANG_ANALYZER_NONNULL = YES;
				CLANG_CXX_LANGUAGE_STANDARD = "gnu++0x";
				CLANG_CXX_LIBRARY = "libc++";
				CLANG_ENABLE_MODULES = YES;
				CLANG_ENABLE_OBJC_ARC = YES;
				CLANG_WARN_BOOL_CONVERSION = YES;
				CLANG_WARN_CONSTANT_CONVERSION = YES;
				CLANG_WARN_DIRECT_OBJC_ISA_USAGE = YES_ERROR;
				CLANG_WARN_EMPTY_BODY = YES;
				CLANG_WARN_ENUM_CONVERSION = YES;
				CLANG_WARN_INT_CONVERSION = YES;
				CLANG_WARN_OBJC_ROOT_CLASS = YES_ERROR;
				CLANG_WARN_UNREACHABLE_CODE = YES;
				CLANG_WARN__DUPLICATE_METHOD_MATCH = YES;
				CODE_SIGN_IDENTITY = "-";
				COPY_PHASE_STRIP = NO;
				DEBUG_INFORMATION_FORMAT = "dwarf-with-dsym";
				ENABLE_NS_ASSERTIONS = NO;
				ENABLE_STRICT_OBJC_MSGSEND = YES;
				GCC_C_LANGUAGE_STANDARD = gnu99;
				GCC_NO_COMMON_BLOCKS = YES;
				GCC_WARN_64_TO_32_BIT_CONVERSION = YES;
				GCC_WARN_ABOUT_RETURN_TYPE = YES_ERROR;
				GCC_WARN_UNDECLARED_SELECTOR = YES;
				GCC_WARN_UNINITIALIZED_AUTOS = YES_AGGRESSIVE;
				GCC_WARN_UNUSED_FUNCTION = YES;
				GCC_WARN_UNUSED_VARIABLE = YES;
				MACOSX_DEPLOYMENT_TARGET = 10.11;
				MTL_ENABLE_DEBUG_INFO = NO;
				SDKROOT = macosx;
			};
			name = Release;
		};
		98FCE0431D1311F80073176F /* Debug */ = {
			isa = XCBuildConfiguration;
			buildSettings = {
				PRODUCT_NAME = "$(TARGET_NAME)";
			};
			name = Debug;
		};
		98FCE0441D1311F80073176F /* Release */ = {
			isa = XCBuildConfiguration;
			buildSettings = {
				PRODUCT_NAME = "$(TARGET_NAME)";
			};
			name = Release;
		};
/* End XCBuildConfiguration section */

/* Begin XCConfigurationList section */
		98FCE0361D1311F80073176F /* Build configuration list for PBXProject "381.A. Sereja and Dima" */ = {
			isa = XCConfigurationList;
			buildConfigurations = (
				98FCE0401D1311F80073176F /* Debug */,
				98FCE0411D1311F80073176F /* Release */,
			);
			defaultConfigurationIsVisible = 0;
			defaultConfigurationName = Release;
		};
		98FCE0421D1311F80073176F /* Build configuration list for PBXNativeTarget "381.A. Sereja and Dima" */ = {
			isa = XCConfigurationList;
			buildConfigurations = (
				98FCE0431D1311F80073176F /* Debug */,
				98FCE0441D1311F80073176F /* Release */,
			);
			defaultConfigurationIsVisible = 0;
		};
/* End XCConfigurationList section */
	};
	rootObject = 98FCE0331D1311F80073176F /* Project object */;
}
