// !$*UTF8*$!
{
	archiveVersion = 1;
	classes = {
	};
	objectVersion = 46;
	objects = {

/* Begin PBXBuildFile section */
		98F059FE1CF76C6400A4D2B0 /* main.cpp in Sources */ = {isa = PBXBuildFile; fileRef = 98F059FD1CF76C6400A4D2B0 /* main.cpp */; };
/* End PBXBuildFile section */

/* Begin PBXCopyFilesBuildPhase section */
		98F059F81CF76C6400A4D2B0 /* CopyFiles */ = {
			isa = PBXCopyFilesBuildPhase;
			buildActionMask = 2147483647;
			dstPath = /usr/share/man/man1/;
			dstSubfolderSpec = 0;
			files = (
			);
			runOnlyForDeploymentPostprocessing = 1;
		};
/* End PBXCopyFilesBuildPhase section */

/* Begin PBXFileReference section */
		98F059FA1CF76C6400A4D2B0 /* 543 - Goldbach's Conjecture */ = {isa = PBXFileReference; explicitFileType = "compiled.mach-o.executable"; includeInIndex = 0; path = "543 - Goldbach's Conjecture"; sourceTree = BUILT_PRODUCTS_DIR; };
		98F059FD1CF76C6400A4D2B0 /* main.cpp */ = {isa = PBXFileReference; lastKnownFileType = sourcecode.cpp.cpp; path = main.cpp; sourceTree = "<group>"; };
/* End PBXFileReference section */

/* Begin PBXFrameworksBuildPhase section */
		98F059F71CF76C6400A4D2B0 /* Frameworks */ = {
			isa = PBXFrameworksBuildPhase;
			buildActionMask = 2147483647;
			files = (
			);
			runOnlyForDeploymentPostprocessing = 0;
		};
/* End PBXFrameworksBuildPhase section */

/* Begin PBXGroup section */
		98F059F11CF76C6400A4D2B0 = {
			isa = PBXGroup;
			children = (
				98F059FC1CF76C6400A4D2B0 /* 543 - Goldbach's Conjecture */,
				98F059FB1CF76C6400A4D2B0 /* Products */,
			);
			sourceTree = "<group>";
		};
		98F059FB1CF76C6400A4D2B0 /* Products */ = {
			isa = PBXGroup;
			children = (
				98F059FA1CF76C6400A4D2B0 /* 543 - Goldbach's Conjecture */,
			);
			name = Products;
			sourceTree = "<group>";
		};
		98F059FC1CF76C6400A4D2B0 /* 543 - Goldbach's Conjecture */ = {
			isa = PBXGroup;
			children = (
				98F059FD1CF76C6400A4D2B0 /* main.cpp */,
			);
			path = "543 - Goldbach's Conjecture";
			sourceTree = "<group>";
		};
/* End PBXGroup section */

/* Begin PBXNativeTarget section */
		98F059F91CF76C6400A4D2B0 /* 543 - Goldbach's Conjecture */ = {
			isa = PBXNativeTarget;
			buildConfigurationList = 98F05A011CF76C6400A4D2B0 /* Build configuration list for PBXNativeTarget "543 - Goldbach's Conjecture" */;
			buildPhases = (
				98F059F61CF76C6400A4D2B0 /* Sources */,
				98F059F71CF76C6400A4D2B0 /* Frameworks */,
				98F059F81CF76C6400A4D2B0 /* CopyFiles */,
			);
			buildRules = (
			);
			dependencies = (
			);
			name = "543 - Goldbach's Conjecture";
			productName = "543 - Goldbach's Conjecture";
			productReference = 98F059FA1CF76C6400A4D2B0 /* 543 - Goldbach's Conjecture */;
			productType = "com.apple.product-type.tool";
		};
/* End PBXNativeTarget section */

/* Begin PBXProject section */
		98F059F21CF76C6400A4D2B0 /* Project object */ = {
			isa = PBXProject;
			attributes = {
				LastUpgradeCheck = 0730;
				ORGANIZATIONNAME = "Nur Islam";
				TargetAttributes = {
					98F059F91CF76C6400A4D2B0 = {
						CreatedOnToolsVersion = 7.3;
					};
				};
			};
			buildConfigurationList = 98F059F51CF76C6400A4D2B0 /* Build configuration list for PBXProject "543 - Goldbach's Conjecture" */;
			compatibilityVersion = "Xcode 3.2";
			developmentRegion = English;
			hasScannedForEncodings = 0;
			knownRegions = (
				en,
			);
			mainGroup = 98F059F11CF76C6400A4D2B0;
			productRefGroup = 98F059FB1CF76C6400A4D2B0 /* Products */;
			projectDirPath = "";
			projectRoot = "";
			targets = (
				98F059F91CF76C6400A4D2B0 /* 543 - Goldbach's Conjecture */,
			);
		};
/* End PBXProject section */

/* Begin PBXSourcesBuildPhase section */
		98F059F61CF76C6400A4D2B0 /* Sources */ = {
			isa = PBXSourcesBuildPhase;
			buildActionMask = 2147483647;
			files = (
				98F059FE1CF76C6400A4D2B0 /* main.cpp in Sources */,
			);
			runOnlyForDeploymentPostprocessing = 0;
		};
/* End PBXSourcesBuildPhase section */

/* Begin XCBuildConfiguration section */
		98F059FF1CF76C6400A4D2B0 /* Debug */ = {
			isa = XCBuildConfiguration;
			buildSettings = {
				ALWAYS_SEARCH_USER_PATHS = NO;
				CLANG_ANALYZER_NONNULL = YES;
				CLANG_CXX_LANGUAGE_STANDARD = "gnu++0x";
				CLANG_CXX_LIBRARY = "libc++";
				CLANG_ENABLE_MODULES = YES;
				CLANG_ENABLE_OBJC_ARC = YES;
				CLANG_WARN_BOOL_CONVERSION = YES;
				CLANG_WARN_CONSTANT_CONVERSION = YES;
				CLANG_WARN_DIRECT_OBJC_ISA_USAGE = YES_ERROR;
				CLANG_WARN_EMPTY_BODY = YES;
				CLANG_WARN_ENUM_CONVERSION = YES;
				CLANG_WARN_INT_CONVERSION = YES;
				CLANG_WARN_OBJC_ROOT_CLASS = YES_ERROR;
				CLANG_WARN_UNREACHABLE_CODE = YES;
				CLANG_WARN__DUPLICATE_METHOD_MATCH = YES;
				CODE_SIGN_IDENTITY = "-";
				COPY_PHASE_STRIP = NO;
				DEBUG_INFORMATION_FORMAT = dwarf;
				ENABLE_STRICT_OBJC_MSGSEND = YES;
				ENABLE_TESTABILITY = YES;
				GCC_C_LANGUAGE_STANDARD = gnu99;
				GCC_DYNAMIC_NO_PIC = NO;
				GCC_NO_COMMON_BLOCKS = YES;
				GCC_OPTIMIZATION_LEVEL = 0;
				GCC_PREPROCESSOR_DEFINITIONS = (
					"DEBUG=1",
					"$(inherited)",
				);
				GCC_WARN_64_TO_32_BIT_CONVERSION = YES;
				GCC_WARN_ABOUT_RETURN_TYPE = YES_ERROR;
				GCC_WARN_UNDECLARED_SELECTOR = YES;
				GCC_WARN_UNINITIALIZED_AUTOS = YES_AGGRESSIVE;
				GCC_WARN_UNUSED_FUNCTION = YES;
				GCC_WARN_UNUSED_VARIABLE = YES;
				MACOSX_DEPLOYMENT_TARGET = 10.11;
				MTL_ENABLE_DEBUG_INFO = YES;
				ONLY_ACTIVE_ARCH = YES;
				SDKROOT = macosx;
			};
			name = Debug;
		};
		98F05A001CF76C6400A4D2B0 /* Release */ = {
			isa = XCBuildConfiguration;
			buildSettings = {
				ALWAYS_SEARCH_USER_PATHS = NO;
				CLANG_ANALYZER_NONNULL = YES;
				CLANG_CXX_LANGUAGE_STANDARD = "gnu++0x";
				CLANG_CXX_LIBRARY = "libc++";
				CLANG_ENABLE_MODULES = YES;
				CLANG_ENABLE_OBJC_ARC = YES;
				CLANG_WARN_BOOL_CONVERSION = YES;
				CLANG_WARN_CONSTANT_CONVERSION = YES;
				CLANG_WARN_DIRECT_OBJC_ISA_USAGE = YES_ERROR;
				CLANG_WARN_EMPTY_BODY = YES;
				CLANG_WARN_ENUM_CONVERSION = YES;
				CLANG_WARN_INT_CONVERSION = YES;
				CLANG_WARN_OBJC_ROOT_CLASS = YES_ERROR;
				CLANG_WARN_UNREACHABLE_CODE = YES;
				CLANG_WARN__DUPLICATE_METHOD_MATCH = YES;
				CODE_SIGN_IDENTITY = "-";
				COPY_PHASE_STRIP = NO;
				DEBUG_INFORMATION_FORMAT = "dwarf-with-dsym";
				ENABLE_NS_ASSERTIONS = NO;
				ENABLE_STRICT_OBJC_MSGSEND = YES;
				GCC_C_LANGUAGE_STANDARD = gnu99;
				GCC_NO_COMMON_BLOCKS = YES;
				GCC_WARN_64_TO_32_BIT_CONVERSION = YES;
				GCC_WARN_ABOUT_RETURN_TYPE = YES_ERROR;
				GCC_WARN_UNDECLARED_SELECTOR = YES;
				GCC_WARN_UNINITIALIZED_AUTOS = YES_AGGRESSIVE;
				GCC_WARN_UNUSED_FUNCTION = YES;
				GCC_WARN_UNUSED_VARIABLE = YES;
				MACOSX_DEPLOYMENT_TARGET = 10.11;
				MTL_ENABLE_DEBUG_INFO = NO;
				SDKROOT = macosx;
			};
			name = Release;
		};
		98F05A021CF76C6400A4D2B0 /* Debug */ = {
			isa = XCBuildConfiguration;
			buildSettings = {
				PRODUCT_NAME = "$(TARGET_NAME)";
			};
			name = Debug;
		};
		98F05A031CF76C6400A4D2B0 /* Release */ = {
			isa = XCBuildConfiguration;
			buildSettings = {
				PRODUCT_NAME = "$(TARGET_NAME)";
			};
			name = Release;
		};
/* End XCBuildConfiguration section */

/* Begin XCConfigurationList section */
		98F059F51CF76C6400A4D2B0 /* Build configuration list for PBXProject "543 - Goldbach's Conjecture" */ = {
			isa = XCConfigurationList;
			buildConfigurations = (
				98F059FF1CF76C6400A4D2B0 /* Debug */,
				98F05A001CF76C6400A4D2B0 /* Release */,
			);
			defaultConfigurationIsVisible = 0;
			defaultConfigurationName = Release;
		};
		98F05A011CF76C6400A4D2B0 /* Build configuration list for PBXNativeTarget "543 - Goldbach's Conjecture" */ = {
			isa = XCConfigurationList;
			buildConfigurations = (
				98F05A021CF76C6400A4D2B0 /* Debug */,
				98F05A031CF76C6400A4D2B0 /* Release */,
			);
			defaultConfigurationIsVisible = 0;
		};
/* End XCConfigurationList section */
	};
	rootObject = 98F059F21CF76C6400A4D2B0 /* Project object */;
}
