// !$*UTF8*$!
{
	archiveVersion = 1;
	classes = {
	};
	objectVersion = 46;
	objects = {

/* Begin PBXBuildFile section */
		987BCAD41CEF7D2C0020C3C0 /* main.cpp in Sources */ = {isa = PBXBuildFile; fileRef = 987BCAD31CEF7D2C0020C3C0 /* main.cpp */; };
/* End PBXBuildFile section */

/* Begin PBXCopyFilesBuildPhase section */
		987BCACE1CEF7D2C0020C3C0 /* CopyFiles */ = {
			isa = PBXCopyFilesBuildPhase;
			buildActionMask = 2147483647;
			dstPath = /usr/share/man/man1/;
			dstSubfolderSpec = 0;
			files = (
			);
			runOnlyForDeploymentPostprocessing = 1;
		};
/* End PBXCopyFilesBuildPhase section */

/* Begin PBXFileReference section */
		987BCAD01CEF7D2C0020C3C0 /* 3399 - Sum of Consecutive Prime Numbers */ = {isa = PBXFileReference; explicitFileType = "compiled.mach-o.executable"; includeInIndex = 0; path = "3399 - Sum of Consecutive Prime Numbers"; sourceTree = BUILT_PRODUCTS_DIR; };
		987BCAD31CEF7D2C0020C3C0 /* main.cpp */ = {isa = PBXFileReference; lastKnownFileType = sourcecode.cpp.cpp; path = main.cpp; sourceTree = "<group>"; };
/* End PBXFileReference section */

/* Begin PBXFrameworksBuildPhase section */
		987BCACD1CEF7D2C0020C3C0 /* Frameworks */ = {
			isa = PBXFrameworksBuildPhase;
			buildActionMask = 2147483647;
			files = (
			);
			runOnlyForDeploymentPostprocessing = 0;
		};
/* End PBXFrameworksBuildPhase section */

/* Begin PBXGroup section */
		987BCAC71CEF7D2C0020C3C0 = {
			isa = PBXGroup;
			children = (
				987BCAD21CEF7D2C0020C3C0 /* 3399 - Sum of Consecutive Prime Numbers */,
				987BCAD11CEF7D2C0020C3C0 /* Products */,
			);
			sourceTree = "<group>";
		};
		987BCAD11CEF7D2C0020C3C0 /* Products */ = {
			isa = PBXGroup;
			children = (
				987BCAD01CEF7D2C0020C3C0 /* 3399 - Sum of Consecutive Prime Numbers */,
			);
			name = Products;
			sourceTree = "<group>";
		};
		987BCAD21CEF7D2C0020C3C0 /* 3399 - Sum of Consecutive Prime Numbers */ = {
			isa = PBXGroup;
			children = (
				987BCAD31CEF7D2C0020C3C0 /* main.cpp */,
			);
			path = "3399 - Sum of Consecutive Prime Numbers";
			sourceTree = "<group>";
		};
/* End PBXGroup section */

/* Begin PBXNativeTarget section */
		987BCACF1CEF7D2C0020C3C0 /* 3399 - Sum of Consecutive Prime Numbers */ = {
			isa = PBXNativeTarget;
			buildConfigurationList = 987BCAD71CEF7D2C0020C3C0 /* Build configuration list for PBXNativeTarget "3399 - Sum of Consecutive Prime Numbers" */;
			buildPhases = (
				987BCACC1CEF7D2C0020C3C0 /* Sources */,
				987BCACD1CEF7D2C0020C3C0 /* Frameworks */,
				987BCACE1CEF7D2C0020C3C0 /* CopyFiles */,
			);
			buildRules = (
			);
			dependencies = (
			);
			name = "3399 - Sum of Consecutive Prime Numbers";
			productName = "3399 - Sum of Consecutive Prime Numbers";
			productReference = 987BCAD01CEF7D2C0020C3C0 /* 3399 - Sum of Consecutive Prime Numbers */;
			productType = "com.apple.product-type.tool";
		};
/* End PBXNativeTarget section */

/* Begin PBXProject section */
		987BCAC81CEF7D2C0020C3C0 /* Project object */ = {
			isa = PBXProject;
			attributes = {
				LastUpgradeCheck = 0730;
				ORGANIZATIONNAME = "Nur Islam";
				TargetAttributes = {
					987BCACF1CEF7D2C0020C3C0 = {
						CreatedOnToolsVersion = 7.3;
					};
				};
			};
			buildConfigurationList = 987BCACB1CEF7D2C0020C3C0 /* Build configuration list for PBXProject "3399 - Sum of Consecutive Prime Numbers" */;
			compatibilityVersion = "Xcode 3.2";
			developmentRegion = English;
			hasScannedForEncodings = 0;
			knownRegions = (
				en,
			);
			mainGroup = 987BCAC71CEF7D2C0020C3C0;
			productRefGroup = 987BCAD11CEF7D2C0020C3C0 /* Products */;
			projectDirPath = "";
			projectRoot = "";
			targets = (
				987BCACF1CEF7D2C0020C3C0 /* 3399 - Sum of Consecutive Prime Numbers */,
			);
		};
/* End PBXProject section */

/* Begin PBXSourcesBuildPhase section */
		987BCACC1CEF7D2C0020C3C0 /* Sources */ = {
			isa = PBXSourcesBuildPhase;
			buildActionMask = 2147483647;
			files = (
				987BCAD41CEF7D2C0020C3C0 /* main.cpp in Sources */,
			);
			runOnlyForDeploymentPostprocessing = 0;
		};
/* End PBXSourcesBuildPhase section */

/* Begin XCBuildConfiguration section */
		987BCAD51CEF7D2C0020C3C0 /* Debug */ = {
			isa = XCBuildConfiguration;
			buildSettings = {
				ALWAYS_SEARCH_USER_PATHS = NO;
				CLANG_ANALYZER_NONNULL = YES;
				CLANG_CXX_LANGUAGE_STANDARD = "gnu++0x";
				CLANG_CXX_LIBRARY = "libc++";
				CLANG_ENABLE_MODULES = YES;
				CLANG_ENABLE_OBJC_ARC = YES;
				CLANG_WARN_BOOL_CONVERSION = YES;
				CLANG_WARN_CONSTANT_CONVERSION = YES;
				CLANG_WARN_DIRECT_OBJC_ISA_USAGE = YES_ERROR;
				CLANG_WARN_EMPTY_BODY = YES;
				CLANG_WARN_ENUM_CONVERSION = YES;
				CLANG_WARN_INT_CONVERSION = YES;
				CLANG_WARN_OBJC_ROOT_CLASS = YES_ERROR;
				CLANG_WARN_UNREACHABLE_CODE = YES;
				CLANG_WARN__DUPLICATE_METHOD_MATCH = YES;
				CODE_SIGN_IDENTITY = "-";
				COPY_PHASE_STRIP = NO;
				DEBUG_INFORMATION_FORMAT = dwarf;
				ENABLE_STRICT_OBJC_MSGSEND = YES;
				ENABLE_TESTABILITY = YES;
				GCC_C_LANGUAGE_STANDARD = gnu99;
				GCC_DYNAMIC_NO_PIC = NO;
				GCC_NO_COMMON_BLOCKS = YES;
				GCC_OPTIMIZATION_LEVEL = 0;
				GCC_PREPROCESSOR_DEFINITIONS = (
					"DEBUG=1",
					"$(inherited)",
				);
				GCC_WARN_64_TO_32_BIT_CONVERSION = YES;
				GCC_WARN_ABOUT_RETURN_TYPE = YES_ERROR;
				GCC_WARN_UNDECLARED_SELECTOR = YES;
				GCC_WARN_UNINITIALIZED_AUTOS = YES_AGGRESSIVE;
				GCC_WARN_UNUSED_FUNCTION = YES;
				GCC_WARN_UNUSED_VARIABLE = YES;
				MACOSX_DEPLOYMENT_TARGET = 10.11;
				MTL_ENABLE_DEBUG_INFO = YES;
				ONLY_ACTIVE_ARCH = YES;
				SDKROOT = macosx;
			};
			name = Debug;
		};
		987BCAD61CEF7D2C0020C3C0 /* Release */ = {
			isa = XCBuildConfiguration;
			buildSettings = {
				ALWAYS_SEARCH_USER_PATHS = NO;
				CLANG_ANALYZER_NONNULL = YES;
				CLANG_CXX_LANGUAGE_STANDARD = "gnu++0x";
				CLANG_CXX_LIBRARY = "libc++";
				CLANG_ENABLE_MODULES = YES;
				CLANG_ENABLE_OBJC_ARC = YES;
				CLANG_WARN_BOOL_CONVERSION = YES;
				CLANG_WARN_CONSTANT_CONVERSION = YES;
				CLANG_WARN_DIRECT_OBJC_ISA_USAGE = YES_ERROR;
				CLANG_WARN_EMPTY_BODY = YES;
				CLANG_WARN_ENUM_CONVERSION = YES;
				CLANG_WARN_INT_CONVERSION = YES;
				CLANG_WARN_OBJC_ROOT_CLASS = YES_ERROR;
				CLANG_WARN_UNREACHABLE_CODE = YES;
				CLANG_WARN__DUPLICATE_METHOD_MATCH = YES;
				CODE_SIGN_IDENTITY = "-";
				COPY_PHASE_STRIP = NO;
				DEBUG_INFORMATION_FORMAT = "dwarf-with-dsym";
				ENABLE_NS_ASSERTIONS = NO;
				ENABLE_STRICT_OBJC_MSGSEND = YES;
				GCC_C_LANGUAGE_STANDARD = gnu99;
				GCC_NO_COMMON_BLOCKS = YES;
				GCC_WARN_64_TO_32_BIT_CONVERSION = YES;
				GCC_WARN_ABOUT_RETURN_TYPE = YES_ERROR;
				GCC_WARN_UNDECLARED_SELECTOR = YES;
				GCC_WARN_UNINITIALIZED_AUTOS = YES_AGGRESSIVE;
				GCC_WARN_UNUSED_FUNCTION = YES;
				GCC_WARN_UNUSED_VARIABLE = YES;
				MACOSX_DEPLOYMENT_TARGET = 10.11;
				MTL_ENABLE_DEBUG_INFO = NO;
				SDKROOT = macosx;
			};
			name = Release;
		};
		987BCAD81CEF7D2C0020C3C0 /* Debug */ = {
			isa = XCBuildConfiguration;
			buildSettings = {
				PRODUCT_NAME = "$(TARGET_NAME)";
			};
			name = Debug;
		};
		987BCAD91CEF7D2C0020C3C0 /* Release */ = {
			isa = XCBuildConfiguration;
			buildSettings = {
				PRODUCT_NAME = "$(TARGET_NAME)";
			};
			name = Release;
		};
/* End XCBuildConfiguration section */

/* Begin XCConfigurationList section */
		987BCACB1CEF7D2C0020C3C0 /* Build configuration list for PBXProject "3399 - Sum of Consecutive Prime Numbers" */ = {
			isa = XCConfigurationList;
			buildConfigurations = (
				987BCAD51CEF7D2C0020C3C0 /* Debug */,
				987BCAD61CEF7D2C0020C3C0 /* Release */,
			);
			defaultConfigurationIsVisible = 0;
			defaultConfigurationName = Release;
		};
		987BCAD71CEF7D2C0020C3C0 /* Build configuration list for PBXNativeTarget "3399 - Sum of Consecutive Prime Numbers" */ = {
			isa = XCConfigurationList;
			buildConfigurations = (
				987BCAD81CEF7D2C0020C3C0 /* Debug */,
				987BCAD91CEF7D2C0020C3C0 /* Release */,
			);
			defaultConfigurationIsVisible = 0;
		};
/* End XCConfigurationList section */
	};
	rootObject = 987BCAC81CEF7D2C0020C3C0 /* Project object */;
}
