// !$*UTF8*$!
{
	archiveVersion = 1;
	classes = {
	};
	objectVersion = 46;
	objects = {

/* Begin PBXBuildFile section */
		987EF42F1CE9BC9C00C2CEDF /* main.cpp in Sources */ = {isa = PBXBuildFile; fileRef = 987EF42E1CE9BC9C00C2CEDF /* main.cpp */; };
/* End PBXBuildFile section */

/* Begin PBXCopyFilesBuildPhase section */
		987EF4291CE9BC9C00C2CEDF /* CopyFiles */ = {
			isa = PBXCopyFilesBuildPhase;
			buildActionMask = 2147483647;
			dstPath = /usr/share/man/man1/;
			dstSubfolderSpec = 0;
			files = (
			);
			runOnlyForDeploymentPostprocessing = 1;
		};
/* End PBXCopyFilesBuildPhase section */

/* Begin PBXFileReference section */
		987EF42B1CE9BC9C00C2CEDF /* 540.A - Combination Lock */ = {isa = PBXFileReference; explicitFileType = "compiled.mach-o.executable"; includeInIndex = 0; path = "540.A - Combination Lock"; sourceTree = BUILT_PRODUCTS_DIR; };
		987EF42E1CE9BC9C00C2CEDF /* main.cpp */ = {isa = PBXFileReference; lastKnownFileType = sourcecode.cpp.cpp; path = main.cpp; sourceTree = "<group>"; };
/* End PBXFileReference section */

/* Begin PBXFrameworksBuildPhase section */
		987EF4281CE9BC9C00C2CEDF /* Frameworks */ = {
			isa = PBXFrameworksBuildPhase;
			buildActionMask = 2147483647;
			files = (
			);
			runOnlyForDeploymentPostprocessing = 0;
		};
/* End PBXFrameworksBuildPhase section */

/* Begin PBXGroup section */
		987EF4221CE9BC9C00C2CEDF = {
			isa = PBXGroup;
			children = (
				987EF42D1CE9BC9C00C2CEDF /* 540.A - Combination Lock */,
				987EF42C1CE9BC9C00C2CEDF /* Products */,
			);
			sourceTree = "<group>";
		};
		987EF42C1CE9BC9C00C2CEDF /* Products */ = {
			isa = PBXGroup;
			children = (
				987EF42B1CE9BC9C00C2CEDF /* 540.A - Combination Lock */,
			);
			name = Products;
			sourceTree = "<group>";
		};
		987EF42D1CE9BC9C00C2CEDF /* 540.A - Combination Lock */ = {
			isa = PBXGroup;
			children = (
				987EF42E1CE9BC9C00C2CEDF /* main.cpp */,
			);
			path = "540.A - Combination Lock";
			sourceTree = "<group>";
		};
/* End PBXGroup section */

/* Begin PBXNativeTarget section */
		987EF42A1CE9BC9C00C2CEDF /* 540.A - Combination Lock */ = {
			isa = PBXNativeTarget;
			buildConfigurationList = 987EF4321CE9BC9C00C2CEDF /* Build configuration list for PBXNativeTarget "540.A - Combination Lock" */;
			buildPhases = (
				987EF4271CE9BC9C00C2CEDF /* Sources */,
				987EF4281CE9BC9C00C2CEDF /* Frameworks */,
				987EF4291CE9BC9C00C2CEDF /* CopyFiles */,
			);
			buildRules = (
			);
			dependencies = (
			);
			name = "540.A - Combination Lock";
			productName = "540.A - Combination Lock";
			productReference = 987EF42B1CE9BC9C00C2CEDF /* 540.A - Combination Lock */;
			productType = "com.apple.product-type.tool";
		};
/* End PBXNativeTarget section */

/* Begin PBXProject section */
		987EF4231CE9BC9C00C2CEDF /* Project object */ = {
			isa = PBXProject;
			attributes = {
				LastUpgradeCheck = 0730;
				ORGANIZATIONNAME = "Nur Islam";
				TargetAttributes = {
					987EF42A1CE9BC9C00C2CEDF = {
						CreatedOnToolsVersion = 7.3;
					};
				};
			};
			buildConfigurationList = 987EF4261CE9BC9C00C2CEDF /* Build configuration list for PBXProject "540.A - Combination Lock" */;
			compatibilityVersion = "Xcode 3.2";
			developmentRegion = English;
			hasScannedForEncodings = 0;
			knownRegions = (
				en,
			);
			mainGroup = 987EF4221CE9BC9C00C2CEDF;
			productRefGroup = 987EF42C1CE9BC9C00C2CEDF /* Products */;
			projectDirPath = "";
			projectRoot = "";
			targets = (
				987EF42A1CE9BC9C00C2CEDF /* 540.A - Combination Lock */,
			);
		};
/* End PBXProject section */

/* Begin PBXSourcesBuildPhase section */
		987EF4271CE9BC9C00C2CEDF /* Sources */ = {
			isa = PBXSourcesBuildPhase;
			buildActionMask = 2147483647;
			files = (
				987EF42F1CE9BC9C00C2CEDF /* main.cpp in Sources */,
			);
			runOnlyForDeploymentPostprocessing = 0;
		};
/* End PBXSourcesBuildPhase section */

/* Begin XCBuildConfiguration section */
		987EF4301CE9BC9C00C2CEDF /* Debug */ = {
			isa = XCBuildConfiguration;
			buildSettings = {
				ALWAYS_SEARCH_USER_PATHS = NO;
				CLANG_ANALYZER_NONNULL = YES;
				CLANG_CXX_LANGUAGE_STANDARD = "gnu++0x";
				CLANG_CXX_LIBRARY = "libc++";
				CLANG_ENABLE_MODULES = YES;
				CLANG_ENABLE_OBJC_ARC = YES;
				CLANG_WARN_BOOL_CONVERSION = YES;
				CLANG_WARN_CONSTANT_CONVERSION = YES;
				CLANG_WARN_DIRECT_OBJC_ISA_USAGE = YES_ERROR;
				CLANG_WARN_EMPTY_BODY = YES;
				CLANG_WARN_ENUM_CONVERSION = YES;
				CLANG_WARN_INT_CONVERSION = YES;
				CLANG_WARN_OBJC_ROOT_CLASS = YES_ERROR;
				CLANG_WARN_UNREACHABLE_CODE = YES;
				CLANG_WARN__DUPLICATE_METHOD_MATCH = YES;
				CODE_SIGN_IDENTITY = "-";
				COPY_PHASE_STRIP = NO;
				DEBUG_INFORMATION_FORMAT = dwarf;
				ENABLE_STRICT_OBJC_MSGSEND = YES;
				ENABLE_TESTABILITY = YES;
				GCC_C_LANGUAGE_STANDARD = gnu99;
				GCC_DYNAMIC_NO_PIC = NO;
				GCC_NO_COMMON_BLOCKS = YES;
				GCC_OPTIMIZATION_LEVEL = 0;
				GCC_PREPROCESSOR_DEFINITIONS = (
					"DEBUG=1",
					"$(inherited)",
				);
				GCC_WARN_64_TO_32_BIT_CONVERSION = YES;
				GCC_WARN_ABOUT_RETURN_TYPE = YES_ERROR;
				GCC_WARN_UNDECLARED_SELECTOR = YES;
				GCC_WARN_UNINITIALIZED_AUTOS = YES_AGGRESSIVE;
				GCC_WARN_UNUSED_FUNCTION = YES;
				GCC_WARN_UNUSED_VARIABLE = YES;
				MACOSX_DEPLOYMENT_TARGET = 10.11;
				MTL_ENABLE_DEBUG_INFO = YES;
				ONLY_ACTIVE_ARCH = YES;
				SDKROOT = macosx;
			};
			name = Debug;
		};
		987EF4311CE9BC9C00C2CEDF /* Release */ = {
			isa = XCBuildConfiguration;
			buildSettings = {
				ALWAYS_SEARCH_USER_PATHS = NO;
				CLANG_ANALYZER_NONNULL = YES;
				CLANG_CXX_LANGUAGE_STANDARD = "gnu++0x";
				CLANG_CXX_LIBRARY = "libc++";
				CLANG_ENABLE_MODULES = YES;
				CLANG_ENABLE_OBJC_ARC = YES;
				CLANG_WARN_BOOL_CONVERSION = YES;
				CLANG_WARN_CONSTANT_CONVERSION = YES;
				CLANG_WARN_DIRECT_OBJC_ISA_USAGE = YES_ERROR;
				CLANG_WARN_EMPTY_BODY = YES;
				CLANG_WARN_ENUM_CONVERSION = YES;
				CLANG_WARN_INT_CONVERSION = YES;
				CLANG_WARN_OBJC_ROOT_CLASS = YES_ERROR;
				CLANG_WARN_UNREACHABLE_CODE = YES;
				CLANG_WARN__DUPLICATE_METHOD_MATCH = YES;
				CODE_SIGN_IDENTITY = "-";
				COPY_PHASE_STRIP = NO;
				DEBUG_INFORMATION_FORMAT = "dwarf-with-dsym";
				ENABLE_NS_ASSERTIONS = NO;
				ENABLE_STRICT_OBJC_MSGSEND = YES;
				GCC_C_LANGUAGE_STANDARD = gnu99;
				GCC_NO_COMMON_BLOCKS = YES;
				GCC_WARN_64_TO_32_BIT_CONVERSION = YES;
				GCC_WARN_ABOUT_RETURN_TYPE = YES_ERROR;
				GCC_WARN_UNDECLARED_SELECTOR = YES;
				GCC_WARN_UNINITIALIZED_AUTOS = YES_AGGRESSIVE;
				GCC_WARN_UNUSED_FUNCTION = YES;
				GCC_WARN_UNUSED_VARIABLE = YES;
				MACOSX_DEPLOYMENT_TARGET = 10.11;
				MTL_ENABLE_DEBUG_INFO = NO;
				SDKROOT = macosx;
			};
			name = Release;
		};
		987EF4331CE9BC9C00C2CEDF /* Debug */ = {
			isa = XCBuildConfiguration;
			buildSettings = {
				PRODUCT_NAME = "$(TARGET_NAME)";
			};
			name = Debug;
		};
		987EF4341CE9BC9C00C2CEDF /* Release */ = {
			isa = XCBuildConfiguration;
			buildSettings = {
				PRODUCT_NAME = "$(TARGET_NAME)";
			};
			name = Release;
		};
/* End XCBuildConfiguration section */

/* Begin XCConfigurationList section */
		987EF4261CE9BC9C00C2CEDF /* Build configuration list for PBXProject "540.A - Combination Lock" */ = {
			isa = XCConfigurationList;
			buildConfigurations = (
				987EF4301CE9BC9C00C2CEDF /* Debug */,
				987EF4311CE9BC9C00C2CEDF /* Release */,
			);
			defaultConfigurationIsVisible = 0;
			defaultConfigurationName = Release;
		};
		987EF4321CE9BC9C00C2CEDF /* Build configuration list for PBXNativeTarget "540.A - Combination Lock" */ = {
			isa = XCConfigurationList;
			buildConfigurations = (
				987EF4331CE9BC9C00C2CEDF /* Debug */,
				987EF4341CE9BC9C00C2CEDF /* Release */,
			);
			defaultConfigurationIsVisible = 0;
		};
/* End XCConfigurationList section */
	};
	rootObject = 987EF4231CE9BC9C00C2CEDF /* Project object */;
}
