// !$*UTF8*$!
{
	archiveVersion = 1;
	classes = {
	};
	objectVersion = 46;
	objects = {

/* Begin PBXBuildFile section */
		987EF4551CE9C99D00C2CEDF /* main.cpp in Sources */ = {isa = PBXBuildFile; fileRef = 987EF4541CE9C99D00C2CEDF /* main.cpp */; };
/* End PBXBuildFile section */

/* Begin PBXCopyFilesBuildPhase section */
		987EF44F1CE9C99C00C2CEDF /* CopyFiles */ = {
			isa = PBXCopyFilesBuildPhase;
			buildActionMask = 2147483647;
			dstPath = /usr/share/man/man1/;
			dstSubfolderSpec = 0;
			files = (
			);
			runOnlyForDeploymentPostprocessing = 1;
		};
/* End PBXCopyFilesBuildPhase section */

/* Begin PBXFileReference section */
		987EF4511CE9C99D00C2CEDF /* 520.A - Pangram */ = {isa = PBXFileReference; explicitFileType = "compiled.mach-o.executable"; includeInIndex = 0; path = "520.A - Pangram"; sourceTree = BUILT_PRODUCTS_DIR; };
		987EF4541CE9C99D00C2CEDF /* main.cpp */ = {isa = PBXFileReference; lastKnownFileType = sourcecode.cpp.cpp; path = main.cpp; sourceTree = "<group>"; };
/* End PBXFileReference section */

/* Begin PBXFrameworksBuildPhase section */
		987EF44E1CE9C99C00C2CEDF /* Frameworks */ = {
			isa = PBXFrameworksBuildPhase;
			buildActionMask = 2147483647;
			files = (
			);
			runOnlyForDeploymentPostprocessing = 0;
		};
/* End PBXFrameworksBuildPhase section */

/* Begin PBXGroup section */
		987EF4481CE9C99C00C2CEDF = {
			isa = PBXGroup;
			children = (
				987EF4531CE9C99D00C2CEDF /* 520.A - Pangram */,
				987EF4521CE9C99D00C2CEDF /* Products */,
			);
			sourceTree = "<group>";
		};
		987EF4521CE9C99D00C2CEDF /* Products */ = {
			isa = PBXGroup;
			children = (
				987EF4511CE9C99D00C2CEDF /* 520.A - Pangram */,
			);
			name = Products;
			sourceTree = "<group>";
		};
		987EF4531CE9C99D00C2CEDF /* 520.A - Pangram */ = {
			isa = PBXGroup;
			children = (
				987EF4541CE9C99D00C2CEDF /* main.cpp */,
			);
			path = "520.A - Pangram";
			sourceTree = "<group>";
		};
/* End PBXGroup section */

/* Begin PBXNativeTarget section */
		987EF4501CE9C99C00C2CEDF /* 520.A - Pangram */ = {
			isa = PBXNativeTarget;
			buildConfigurationList = 987EF4581CE9C99D00C2CEDF /* Build configuration list for PBXNativeTarget "520.A - Pangram" */;
			buildPhases = (
				987EF44D1CE9C99C00C2CEDF /* Sources */,
				987EF44E1CE9C99C00C2CEDF /* Frameworks */,
				987EF44F1CE9C99C00C2CEDF /* CopyFiles */,
			);
			buildRules = (
			);
			dependencies = (
			);
			name = "520.A - Pangram";
			productName = "520.A - Pangram";
			productReference = 987EF4511CE9C99D00C2CEDF /* 520.A - Pangram */;
			productType = "com.apple.product-type.tool";
		};
/* End PBXNativeTarget section */

/* Begin PBXProject section */
		987EF4491CE9C99C00C2CEDF /* Project object */ = {
			isa = PBXProject;
			attributes = {
				LastUpgradeCheck = 0730;
				ORGANIZATIONNAME = "Nur Islam";
				TargetAttributes = {
					987EF4501CE9C99C00C2CEDF = {
						CreatedOnToolsVersion = 7.3;
					};
				};
			};
			buildConfigurationList = 987EF44C1CE9C99C00C2CEDF /* Build configuration list for PBXProject "520.A - Pangram" */;
			compatibilityVersion = "Xcode 3.2";
			developmentRegion = English;
			hasScannedForEncodings = 0;
			knownRegions = (
				en,
			);
			mainGroup = 987EF4481CE9C99C00C2CEDF;
			productRefGroup = 987EF4521CE9C99D00C2CEDF /* Products */;
			projectDirPath = "";
			projectRoot = "";
			targets = (
				987EF4501CE9C99C00C2CEDF /* 520.A - Pangram */,
			);
		};
/* End PBXProject section */

/* Begin PBXSourcesBuildPhase section */
		987EF44D1CE9C99C00C2CEDF /* Sources */ = {
			isa = PBXSourcesBuildPhase;
			buildActionMask = 2147483647;
			files = (
				987EF4551CE9C99D00C2CEDF /* main.cpp in Sources */,
			);
			runOnlyForDeploymentPostprocessing = 0;
		};
/* End PBXSourcesBuildPhase section */

/* Begin XCBuildConfiguration section */
		987EF4561CE9C99D00C2CEDF /* Debug */ = {
			isa = XCBuildConfiguration;
			buildSettings = {
				ALWAYS_SEARCH_USER_PATHS = NO;
				CLANG_ANALYZER_NONNULL = YES;
				CLANG_CXX_LANGUAGE_STANDARD = "gnu++0x";
				CLANG_CXX_LIBRARY = "libc++";
				CLANG_ENABLE_MODULES = YES;
				CLANG_ENABLE_OBJC_ARC = YES;
				CLANG_WARN_BOOL_CONVERSION = YES;
				CLANG_WARN_CONSTANT_CONVERSION = YES;
				CLANG_WARN_DIRECT_OBJC_ISA_USAGE = YES_ERROR;
				CLANG_WARN_EMPTY_BODY = YES;
				CLANG_WARN_ENUM_CONVERSION = YES;
				CLANG_WARN_INT_CONVERSION = YES;
				CLANG_WARN_OBJC_ROOT_CLASS = YES_ERROR;
				CLANG_WARN_UNREACHABLE_CODE = YES;
				CLANG_WARN__DUPLICATE_METHOD_MATCH = YES;
				CODE_SIGN_IDENTITY = "-";
				COPY_PHASE_STRIP = NO;
				DEBUG_INFORMATION_FORMAT = dwarf;
				ENABLE_STRICT_OBJC_MSGSEND = YES;
				ENABLE_TESTABILITY = YES;
				GCC_C_LANGUAGE_STANDARD = gnu99;
				GCC_DYNAMIC_NO_PIC = NO;
				GCC_NO_COMMON_BLOCKS = YES;
				GCC_OPTIMIZATION_LEVEL = 0;
				GCC_PREPROCESSOR_DEFINITIONS = (
					"DEBUG=1",
					"$(inherited)",
				);
				GCC_WARN_64_TO_32_BIT_CONVERSION = YES;
				GCC_WARN_ABOUT_RETURN_TYPE = YES_ERROR;
				GCC_WARN_UNDECLARED_SELECTOR = YES;
				GCC_WARN_UNINITIALIZED_AUTOS = YES_AGGRESSIVE;
				GCC_WARN_UNUSED_FUNCTION = YES;
				GCC_WARN_UNUSED_VARIABLE = YES;
				MACOSX_DEPLOYMENT_TARGET = 10.11;
				MTL_ENABLE_DEBUG_INFO = YES;
				ONLY_ACTIVE_ARCH = YES;
				SDKROOT = macosx;
			};
			name = Debug;
		};
		987EF4571CE9C99D00C2CEDF /* Release */ = {
			isa = XCBuildConfiguration;
			buildSettings = {
				ALWAYS_SEARCH_USER_PATHS = NO;
				CLANG_ANALYZER_NONNULL = YES;
				CLANG_CXX_LANGUAGE_STANDARD = "gnu++0x";
				CLANG_CXX_LIBRARY = "libc++";
				CLANG_ENABLE_MODULES = YES;
				CLANG_ENABLE_OBJC_ARC = YES;
				CLANG_WARN_BOOL_CONVERSION = YES;
				CLANG_WARN_CONSTANT_CONVERSION = YES;
				CLANG_WARN_DIRECT_OBJC_ISA_USAGE = YES_ERROR;
				CLANG_WARN_EMPTY_BODY = YES;
				CLANG_WARN_ENUM_CONVERSION = YES;
				CLANG_WARN_INT_CONVERSION = YES;
				CLANG_WARN_OBJC_ROOT_CLASS = YES_ERROR;
				CLANG_WARN_UNREACHABLE_CODE = YES;
				CLANG_WARN__DUPLICATE_METHOD_MATCH = YES;
				CODE_SIGN_IDENTITY = "-";
				COPY_PHASE_STRIP = NO;
				DEBUG_INFORMATION_FORMAT = "dwarf-with-dsym";
				ENABLE_NS_ASSERTIONS = NO;
				ENABLE_STRICT_OBJC_MSGSEND = YES;
				GCC_C_LANGUAGE_STANDARD = gnu99;
				GCC_NO_COMMON_BLOCKS = YES;
				GCC_WARN_64_TO_32_BIT_CONVERSION = YES;
				GCC_WARN_ABOUT_RETURN_TYPE = YES_ERROR;
				GCC_WARN_UNDECLARED_SELECTOR = YES;
				GCC_WARN_UNINITIALIZED_AUTOS = YES_AGGRESSIVE;
				GCC_WARN_UNUSED_FUNCTION = YES;
				GCC_WARN_UNUSED_VARIABLE = YES;
				MACOSX_DEPLOYMENT_TARGET = 10.11;
				MTL_ENABLE_DEBUG_INFO = NO;
				SDKROOT = macosx;
			};
			name = Release;
		};
		987EF4591CE9C99D00C2CEDF /* Debug */ = {
			isa = XCBuildConfiguration;
			buildSettings = {
				PRODUCT_NAME = "$(TARGET_NAME)";
			};
			name = Debug;
		};
		987EF45A1CE9C99D00C2CEDF /* Release */ = {
			isa = XCBuildConfiguration;
			buildSettings = {
				PRODUCT_NAME = "$(TARGET_NAME)";
			};
			name = Release;
		};
/* End XCBuildConfiguration section */

/* Begin XCConfigurationList section */
		987EF44C1CE9C99C00C2CEDF /* Build configuration list for PBXProject "520.A - Pangram" */ = {
			isa = XCConfigurationList;
			buildConfigurations = (
				987EF4561CE9C99D00C2CEDF /* Debug */,
				987EF4571CE9C99D00C2CEDF /* Release */,
			);
			defaultConfigurationIsVisible = 0;
			defaultConfigurationName = Release;
		};
		987EF4581CE9C99D00C2CEDF /* Build configuration list for PBXNativeTarget "520.A - Pangram" */ = {
			isa = XCConfigurationList;
			buildConfigurations = (
				987EF4591CE9C99D00C2CEDF /* Debug */,
				987EF45A1CE9C99D00C2CEDF /* Release */,
			);
			defaultConfigurationIsVisible = 0;
		};
/* End XCConfigurationList section */
	};
	rootObject = 987EF4491CE9C99C00C2CEDF /* Project object */;
}
